
Microsoft Visual Studio Solution File, Format Version 12.00
# Visual Studio Version 16
VisualStudioVersion = 16.0.30804.86
MinimumVisualStudioVersion = 10.0.40219.1
Project("{FAE04EC0-301F-11D3-BF4B-00C04F79EFBC}") = "Puzzle15", "Puzzle15\Puzzle15.csproj", "{8C0D393D-C62D-4EBF-8AF5-1648B0EC719F}"
EndProject
Global
	GlobalSection(SolutionConfigurationPlatforms) = preSolution
		Debug|Any CPU = Debug|Any CPU
		Release|Any CPU = Release|Any CPU
	EndGlobalSection
	GlobalSection(ProjectConfigurationPlatforms) = postSolution
		{8C0D393D-C62D-4EBF-8AF5-1648B0EC719F}.Debug|Any CPU.ActiveCfg = Debug|Any CPU
		{8C0D393D-C62D-4EBF-8AF5-1648B0EC719F}.Debug|Any CPU.Build.0 = Debug|Any CPU
		{8C0D393D-C62D-4EBF-8AF5-1648B0EC719F}.Release|Any CPU.ActiveCfg = Release|Any CPU
		{8C0D393D-C62D-4EBF-8AF5-1648B0EC719F}.Release|Any CPU.Build.0 = Release|Any CPU
	EndGlobalSection
	GlobalSection(SolutionProperties) = preSolution
		HideSolutionNode = FALSE
	EndGlobalSection
	GlobalSection(ExtensibilityGlobals) = postSolution
		SolutionGuid = {ACBFC098-6E84-485F-92F4-FA2579973692}
	EndGlobalSection
EndGlobal
